
Microsoft Visual Studio Solution File, Format Version 11.00
# Visual Studio 2010
Project("{FAE04EC0-301F-11D3-BF4B-00C04F79EFBC}") = "Assembly-CSharp", "Assembly-CSharp.csproj", "{0322ed3f-2db1-edb4-3943-f88c483d5f0e}"
EndProject
Project("{FAE04EC0-301F-11D3-BF4B-00C04F79EFBC}") = "Assembly-CSharp-Editor", "Assembly-CSharp-Editor.csproj", "{2c63618a-ec1c-0248-2964-ed1607d79b96}"
EndProject
Global
	GlobalSection(SolutionConfigurationPlatforms) = preSolution
		Debug|Any CPU = Debug|Any CPU
	EndGlobalSection
	GlobalSection(ProjectConfigurationPlatforms) = postSolution
		{0322ed3f-2db1-edb4-3943-f88c483d5f0e}.Debug|Any CPU.ActiveCfg = Debug|Any CPU
		{0322ed3f-2db1-edb4-3943-f88c483d5f0e}.Debug|Any CPU.Build.0 = Debug|Any CPU
		{2c63618a-ec1c-0248-2964-ed1607d79b96}.Debug|Any CPU.ActiveCfg = Debug|Any CPU
		{2c63618a-ec1c-0248-2964-ed1607d79b96}.Debug|Any CPU.Build.0 = Debug|Any CPU
	EndGlobalSection
	GlobalSection(SolutionProperties) = preSolution
		HideSolutionNode = FALSE
	EndGlobalSection
EndGlobal
